// !$*UTF8*$!
{
	archiveVersion = 1;
	classes = {
	};
	objectVersion = 46;
	objects = {

/* Begin PBXBuildFile section */
		9108DCF31CB0CA2800BDE2E6 /* AppDelegate.swift in Sources */ = {isa = PBXBuildFile; fileRef = 9108DCF21CB0CA2800BDE2E6 /* AppDelegate.swift */; };
		9108DCF51CB0CA2800BDE2E6 /* ViewController.swift in Sources */ = {isa = PBXBuildFile; fileRef = 9108DCF41CB0CA2800BDE2E6 /* ViewController.swift */; };
		9108DCF81CB0CA2800BDE2E6 /* Main.storyboard in Resources */ = {isa = PBXBuildFile; fileRef = 9108DCF61CB0CA2800BDE2E6 /* Main.storyboard */; };
		9108DCFA1CB0CA2800BDE2E6 /* Assets.xcassets in Resources */ = {isa = PBXBuildFile; fileRef = 9108DCF91CB0CA2800BDE2E6 /* Assets.xcassets */; };
		9108DCFD1CB0CA2800BDE2E6 /* LaunchScreen.storyboard in Resources */ = {isa = PBXBuildFile; fileRef = 9108DCFB1CB0CA2800BDE2E6 /* LaunchScreen.storyboard */; };
/* End PBXBuildFile section */

/* Begin PBXFileReference section */
		9108DCEF1CB0CA2800BDE2E6 /* SuperCool.app */ = {isa = PBXFileReference; explicitFileType = wrapper.application; includeInIndex = 0; path = SuperCool.app; sourceTree = BUILT_PRODUCTS_DIR; };
		9108DCF21CB0CA2800BDE2E6 /* AppDelegate.swift */ = {isa = PBXFileReference; lastKnownFileType = sourcecode.swift; path = AppDelegate.swift; sourceTree = "<group>"; };
		9108DCF41CB0CA2800BDE2E6 /* ViewController.swift */ = {isa = PBXFileReference; lastKnownFileType = sourcecode.swift; path = ViewController.swift; sourceTree = "<group>"; };
		9108DCF71CB0CA2800BDE2E6 /* Base */ = {isa = PBXFileReference; lastKnownFileType = file.storyboard; name = Base; path = Base.lproj/Main.storyboard; sourceTree = "<group>"; };
		9108DCF91CB0CA2800BDE2E6 /* Assets.xcassets */ = {isa = PBXFileReference; lastKnownFileType = folder.assetcatalog; path = Assets.xcassets; sourceTree = "<group>"; };
		9108DCFC1CB0CA2800BDE2E6 /* Base */ = {isa = PBXFileReference; lastKnownFileType = file.storyboard; name = Base; path = Base.lproj/LaunchScreen.storyboard; sourceTree = "<group>"; };
		9108DCFE1CB0CA2800BDE2E6 /* Info.plist */ = {isa = PBXFileReference; lastKnownFileType = text.plist.xml; path = Info.plist; sourceTree = "<group>"; };
/* End PBXFileReference section */

/* Begin PBXFrameworksBuildPhase section */
		9108DCEC1CB0CA2800BDE2E6 /* Frameworks */ = {
			isa = PBXFrameworksBuildPhase;
			buildActionMask = 2147483647;
			files = (
			);
			runOnlyForDeploymentPostprocessing = 0;
		};
/* End PBXFrameworksBuildPhase section */

/* Begin PBXGroup section */
		9108DCE61CB0CA2800BDE2E6 = {
			isa = PBXGroup;
			children = (
				9108DCF11CB0CA2800BDE2E6 /* SuperCool */,
				9108DCF01CB0CA2800BDE2E6 /* Products */,
			);
			sourceTree = "<group>";
		};
		9108DCF01CB0CA2800BDE2E6 /* Products */ = {
			isa = PBXGroup;
			children = (
				9108DCEF1CB0CA2800BDE2E6 /* SuperCool.app */,
			);
			name = Products;
			sourceTree = "<group>";
		};
		9108DCF11CB0CA2800BDE2E6 /* SuperCool */ = {
			isa = PBXGroup;
			children = (
				9108DCF21CB0CA2800BDE2E6 /* AppDelegate.swift */,
				9108DCF41CB0CA2800BDE2E6 /* ViewController.swift */,
				9108DCF61CB0CA2800BDE2E6 /* Main.storyboard */,
				9108DCF91CB0CA2800BDE2E6 /* Assets.xcassets */,
				9108DCFB1CB0CA2800BDE2E6 /* LaunchScreen.storyboard */,
				9108DCFE1CB0CA2800BDE2E6 /* Info.plist */,
			);
			path = SuperCool;
			sourceTree = "<group>";
		};
/* End PBXGroup section */

/* Begin PBXNativeTarget section */
		9108DCEE1CB0CA2800BDE2E6 /* SuperCool */ = {
			isa = PBXNativeTarget;
			buildConfigurationList = 9108DD011CB0CA2800BDE2E6 /* Build configuration list for PBXNativeTarget "SuperCool" */;
			buildPhases = (
				9108DCEB1CB0CA2800BDE2E6 /* Sources */,
				9108DCEC1CB0CA2800BDE2E6 /* Frameworks */,
				9108DCED1CB0CA2800BDE2E6 /* Resources */,
			);
			buildRules = (
			);
			dependencies = (
			);
			name = SuperCool;
			productName = SuperCool;
			productReference = 9108DCEF1CB0CA2800BDE2E6 /* SuperCool.app */;
			productType = "com.apple.product-type.application";
		};
/* End PBXNativeTarget section */

/* Begin PBXProject section */
		9108DCE71CB0CA2800BDE2E6 /* Project object */ = {
			isa = PBXProject;
			attributes = {
				LastSwiftUpdateCheck = 0720;
				LastUpgradeCheck = 0720;
				ORGANIZATIONNAME = "Ryan Klapper";
				TargetAttributes = {
					9108DCEE1CB0CA2800BDE2E6 = {
						CreatedOnToolsVersion = 7.2;
						DevelopmentTeam = F46L99V8AF;
					};
				};
			};
			buildConfigurationList = 9108DCEA1CB0CA2800BDE2E6 /* Build configuration list for PBXProject "SuperCool" */;
			compatibilityVersion = "Xcode 3.2";
			developmentRegion = English;
			hasScannedForEncodings = 0;
			knownRegions = (
				en,
				Base,
			);
			mainGroup = 9108DCE61CB0CA2800BDE2E6;
			productRefGroup = 9108DCF01CB0CA2800BDE2E6 /* Products */;
			projectDirPath = "";
			projectRoot = "";
			targets = (
				9108DCEE1CB0CA2800BDE2E6 /* SuperCool */,
			);
		};
/* End PBXProject section */

/* Begin PBXResourcesBuildPhase section */
		9108DCED1CB0CA2800BDE2E6 /* Resources */ = {
			isa = PBXResourcesBuildPhase;
			buildActionMask = 2147483647;
			files = (
				9108DCFD1CB0CA2800BDE2E6 /* LaunchScreen.storyboard in Resources */,
				9108DCFA1CB0CA2800BDE2E6 /* Assets.xcassets in Resources */,
				9108DCF81CB0CA2800BDE2E6 /* Main.storyboard in Resources */,
			);
			runOnlyForDeploymentPostprocessing = 0;
		};
/* End PBXResourcesBuildPhase section */

/* Begin PBXSourcesBuildPhase section */
		9108DCEB1CB0CA2800BDE2E6 /* Sources */ = {
			isa = PBXSourcesBuildPhase;
			buildActionMask = 2147483647;
			files = (
				9108DCF51CB0CA2800BDE2E6 /* ViewController.swift in Sources */,
				9108DCF31CB0CA2800BDE2E6 /* AppDelegate.swift in Sources */,
			);
			runOnlyForDeploymentPostprocessing = 0;
		};
/* End PBXSourcesBuildPhase section */

/* Begin PBXVariantGroup section */
		9108DCF61CB0CA2800BDE2E6 /* Main.storyboard */ = {
			isa = PBXVariantGroup;
			children = (
				9108DCF71CB0CA2800BDE2E6 /* Base */,
			);
			name = Main.storyboard;
			sourceTree = "<group>";
		};
		9108DCFB1CB0CA2800BDE2E6 /* LaunchScreen.storyboard */ = {
			isa = PBXVariantGroup;
			children = (
				9108DCFC1CB0CA2800BDE2E6 /* Base */,
			);
			name = LaunchScreen.storyboard;
			sourceTree = "<group>";
		};
/* End PBXVariantGroup section */

/* Begin XCBuildConfiguration section */
		9108DCFF1CB0CA2800BDE2E6 /* Debug */ = {
			isa = XCBuildConfiguration;
			buildSettings = {
				ALWAYS_SEARCH_USER_PATHS = NO;
				CLANG_CXX_LANGUAGE_STANDARD = "gnu++0x";
				CLANG_CXX_LIBRARY = "libc++";
				CLANG_ENABLE_MODULES = YES;
				CLANG_ENABLE_OBJC_ARC = YES;
				CLANG_WARN_BOOL_CONVERSION = YES;
				CLANG_WARN_CONSTANT_CONVERSION = YES;
				CLANG_WARN_DIRECT_OBJC_ISA_USAGE = YES_ERROR;
				CLANG_WARN_EMPTY_BODY = YES;
				CLANG_WARN_ENUM_CONVERSION = YES;
				CLANG_WARN_INT_CONVERSION = YES;
				CLANG_WARN_OBJC_ROOT_CLASS = YES_ERROR;
				CLANG_WARN_UNREACHABLE_CODE = YES;
				CLANG_WARN__DUPLICATE_METHOD_MATCH = YES;
				"CODE_SIGN_IDENTITY[sdk=iphoneos*]" = "iPhone Developer";
				COPY_PHASE_STRIP = NO;
				DEBUG_INFORMATION_FORMAT = dwarf;
				ENABLE_STRICT_OBJC_MSGSEND = YES;
				ENABLE_TESTABILITY = YES;
				GCC_C_LANGUAGE_STANDARD = gnu99;
				GCC_DYNAMIC_NO_PIC = NO;
				GCC_NO_COMMON_BLOCKS = YES;
				GCC_OPTIMIZATION_LEVEL = 0;
				GCC_PREPROCESSOR_DEFINITIONS = (
					"DEBUG=1",
					"$(inherited)",
				);
				GCC_WARN_64_TO_32_BIT_CONVERSION = YES;
				GCC_WARN_ABOUT_RETURN_TYPE = YES_ERROR;
				GCC_WARN_UNDECLARED_SELECTOR = YES;
				GCC_WARN_UNINITIALIZED_AUTOS = YES_AGGRESSIVE;
				GCC_WARN_UNUSED_FUNCTION = YES;
				GCC_WARN_UNUSED_VARIABLE = YES;
				IPHONEOS_DEPLOYMENT_TARGET = 9.2;
				MTL_ENABLE_DEBUG_INFO = YES;
				ONLY_ACTIVE_ARCH = YES;
				SDKROOT = iphoneos;
				SWIFT_OPTIMIZATION_LEVEL = "-Onone";
			};
			name = Debug;
		};
		9108DD001CB0CA2800BDE2E6 /* Release */ = {
			isa = XCBuildConfiguration;
			buildSettings = {
				ALWAYS_SEARCH_USER_PATHS = NO;
				CLANG_CXX_LANGUAGE_STANDARD = "gnu++0x";
				CLANG_CXX_LIBRARY = "libc++";
				CLANG_ENABLE_MODULES = YES;
				CLANG_ENABLE_OBJC_ARC = YES;
				CLANG_WARN_BOOL_CONVERSION = YES;
				CLANG_WARN_CONSTANT_CONVERSION = YES;
				CLANG_WARN_DIRECT_OBJC_ISA_USAGE = YES_ERROR;
				CLANG_WARN_EMPTY_BODY = YES;
				CLANG_WARN_ENUM_CONVERSION = YES;
				CLANG_WARN_INT_CONVERSION = YES;
				CLANG_WARN_OBJC_ROOT_CLASS = YES_ERROR;
				CLANG_WARN_UNREACHABLE_CODE = YES;
				CLANG_WARN__DUPLICATE_METHOD_MATCH = YES;
				"CODE_SIGN_IDENTITY[sdk=iphoneos*]" = "iPhone Developer";
				COPY_PHASE_STRIP = NO;
				DEBUG_INFORMATION_FORMAT = "dwarf-with-dsym";
				ENABLE_NS_ASSERTIONS = NO;
				ENABLE_STRICT_OBJC_MSGSEND = YES;
				GCC_C_LANGUAGE_STANDARD = gnu99;
				GCC_NO_COMMON_BLOCKS = YES;
				GCC_WARN_64_TO_32_BIT_CONVERSION = YES;
				GCC_WARN_ABOUT_RETURN_TYPE = YES_ERROR;
				GCC_WARN_UNDECLARED_SELECTOR = YES;
				GCC_WARN_UNINITIALIZED_AUTOS = YES_AGGRESSIVE;
				GCC_WARN_UNUSED_FUNCTION = YES;
				GCC_WARN_UNUSED_VARIABLE = YES;
				IPHONEOS_DEPLOYMENT_TARGET = 9.2;
				MTL_ENABLE_DEBUG_INFO = NO;
				SDKROOT = iphoneos;
				VALIDATE_PRODUCT = YES;
			};
			name = Release;
		};
		9108DD021CB0CA2800BDE2E6 /* Debug */ = {
			isa = XCBuildConfiguration;
			buildSettings = {
				ASSETCATALOG_COMPILER_APPICON_NAME = AppIcon;
				INFOPLIST_FILE = SuperCool/Info.plist;
				LD_RUNPATH_SEARCH_PATHS = "$(inherited) @executable_path/Frameworks";
				PRODUCT_BUNDLE_IDENTIFIER = KlappDaddy.SuperCool;
				PRODUCT_NAME = "$(TARGET_NAME)";
			};
			name = Debug;
		};
		9108DD031CB0CA2800BDE2E6 /* Release */ = {
			isa = XCBuildConfiguration;
			buildSettings = {
				ASSETCATALOG_COMPILER_APPICON_NAME = AppIcon;
				INFOPLIST_FILE = SuperCool/Info.plist;
				LD_RUNPATH_SEARCH_PATHS = "$(inherited) @executable_path/Frameworks";
				PRODUCT_BUNDLE_IDENTIFIER = KlappDaddy.SuperCool;
				PRODUCT_NAME = "$(TARGET_NAME)";
			};
			name = Release;
		};
/* End XCBuildConfiguration section */

/* Begin XCConfigurationList section */
		9108DCEA1CB0CA2800BDE2E6 /* Build configuration list for PBXProject "SuperCool" */ = {
			isa = XCConfigurationList;
			buildConfigurations = (
				9108DCFF1CB0CA2800BDE2E6 /* Debug */,
				9108DD001CB0CA2800BDE2E6 /* Release */,
			);
			defaultConfigurationIsVisible = 0;
			defaultConfigurationName = Release;
		};
		9108DD011CB0CA2800BDE2E6 /* Build configuration list for PBXNativeTarget "SuperCool" */ = {
			isa = XCConfigurationList;
			buildConfigurations = (
				9108DD021CB0CA2800BDE2E6 /* Debug */,
				9108DD031CB0CA2800BDE2E6 /* Release */,
			);
			defaultConfigurationIsVisible = 0;
		};
/* End XCConfigurationList section */
	};
	rootObject = 9108DCE71CB0CA2800BDE2E6 /* Project object */;
}
